
Microsoft Visual Studio Solution File, Format Version 12.00
# Visual Studio Version 17
VisualStudioVersion = 17.14.36301.6 d17.14
MinimumVisualStudioVersion = 10.0.40219.1
Project("{FAE04EC0-301F-11D3-BF4B-00C04F79EFBC}") = "NIIEPay", "NIIEPay.csproj", "{E442A87F-4343-454D-BB18-A4E1C7EC917D}"
EndProject
Global
	GlobalSection(SolutionConfigurationPlatforms) = preSolution
		Debug|Any CPU = Debug|Any CPU
		Release|Any CPU = Release|Any CPU
	EndGlobalSection
	GlobalSection(ProjectConfigurationPlatforms) = postSolution
		{E442A87F-4343-454D-BB18-A4E1C7EC917D}.Debug|Any CPU.ActiveCfg = Debug|Any CPU
		{E442A87F-4343-454D-BB18-A4E1C7EC917D}.Debug|Any CPU.Build.0 = Debug|Any CPU
		{E442A87F-4343-454D-BB18-A4E1C7EC917D}.Release|Any CPU.ActiveCfg = Release|Any CPU
		{E442A87F-4343-454D-BB18-A4E1C7EC917D}.Release|Any CPU.Build.0 = Release|Any CPU
	EndGlobalSection
	GlobalSection(SolutionProperties) = preSolution
		HideSolutionNode = FALSE
	EndGlobalSection
	GlobalSection(ExtensibilityGlobals) = postSolution
		SolutionGuid = {C948604D-69A8-4B51-9EC5-1B55788E2EB2}
	EndGlobalSection
EndGlobal
